// !$*UTF8*$!
{
	archiveVersion = 1;
	classes = {
	};
	objectVersion = 56;
	objects = {

/* Begin PBXBuildFile section */
		BB9D07212B31DFD000C03B75 /* LocalAuthFrameowkrIntegrationApp.swift in Sources */ = {isa = PBXBuildFile; fileRef = BB9D07202B31DFD000C03B75 /* LocalAuthFrameowkrIntegrationApp.swift */; };
		BB9D07232B31DFD000C03B75 /* ContentView.swift in Sources */ = {isa = PBXBuildFile; fileRef = BB9D07222B31DFD000C03B75 /* ContentView.swift */; };
		BB9D07252B31DFD100C03B75 /* Assets.xcassets in Resources */ = {isa = PBXBuildFile; fileRef = BB9D07242B31DFD100C03B75 /* Assets.xcassets */; };
		BB9D07282B31DFD100C03B75 /* Preview Assets.xcassets in Resources */ = {isa = PBXBuildFile; fileRef = BB9D07272B31DFD100C03B75 /* Preview Assets.xcassets */; };
		BB9D07302B31E63300C03B75 /* BiometricManager.swift in Sources */ = {isa = PBXBuildFile; fileRef = BB9D072F2B31E63300C03B75 /* BiometricManager.swift */; };
		BB9D07332B31E89700C03B75 /* BiometricType.swift in Sources */ = {isa = PBXBuildFile; fileRef = BB9D07322B31E89700C03B75 /* BiometricType.swift */; };
		BB9D07352B31E90500C03B75 /* AuthenticationError.swift in Sources */ = {isa = PBXBuildFile; fileRef = BB9D07342B31E90500C03B75 /* AuthenticationError.swift */; };
		BB9D07382B31E97C00C03B75 /* Credentials.swift in Sources */ = {isa = PBXBuildFile; fileRef = BB9D07372B31E97C00C03B75 /* Credentials.swift */; };
		BB9D073C2B31ECB300C03B75 /* LocalAuthenticationViewModel.swift in Sources */ = {isa = PBXBuildFile; fileRef = BB9D073B2B31ECB300C03B75 /* LocalAuthenticationViewModel.swift */; };
		BB9D07412B324C0900C03B75 /* AuthenticationSuccessView.swift in Sources */ = {isa = PBXBuildFile; fileRef = BB9D07402B324C0900C03B75 /* AuthenticationSuccessView.swift */; };
/* End PBXBuildFile section */

/* Begin PBXFileReference section */
		BB9D071D2B31DFD000C03B75 /* LocalAuthFrameowkrIntegration.app */ = {isa = PBXFileReference; explicitFileType = wrapper.application; includeInIndex = 0; path = LocalAuthFrameowkrIntegration.app; sourceTree = BUILT_PRODUCTS_DIR; };
		BB9D07202B31DFD000C03B75 /* LocalAuthFrameowkrIntegrationApp.swift */ = {isa = PBXFileReference; lastKnownFileType = sourcecode.swift; path = LocalAuthFrameowkrIntegrationApp.swift; sourceTree = "<group>"; };
		BB9D07222B31DFD000C03B75 /* ContentView.swift */ = {isa = PBXFileReference; lastKnownFileType = sourcecode.swift; path = ContentView.swift; sourceTree = "<group>"; };
		BB9D07242B31DFD100C03B75 /* Assets.xcassets */ = {isa = PBXFileReference; lastKnownFileType = folder.assetcatalog; path = Assets.xcassets; sourceTree = "<group>"; };
		BB9D07272B31DFD100C03B75 /* Preview Assets.xcassets */ = {isa = PBXFileReference; lastKnownFileType = folder.assetcatalog; path = "Preview Assets.xcassets"; sourceTree = "<group>"; };
		BB9D072F2B31E63300C03B75 /* BiometricManager.swift */ = {isa = PBXFileReference; lastKnownFileType = sourcecode.swift; path = BiometricManager.swift; sourceTree = "<group>"; };
		BB9D07322B31E89700C03B75 /* BiometricType.swift */ = {isa = PBXFileReference; lastKnownFileType = sourcecode.swift; path = BiometricType.swift; sourceTree = "<group>"; };
		BB9D07342B31E90500C03B75 /* AuthenticationError.swift */ = {isa = PBXFileReference; lastKnownFileType = sourcecode.swift; path = AuthenticationError.swift; sourceTree = "<group>"; };
		BB9D07372B31E97C00C03B75 /* Credentials.swift */ = {isa = PBXFileReference; lastKnownFileType = sourcecode.swift; path = Credentials.swift; sourceTree = "<group>"; };
		BB9D073B2B31ECB300C03B75 /* LocalAuthenticationViewModel.swift */ = {isa = PBXFileReference; lastKnownFileType = sourcecode.swift; path = LocalAuthenticationViewModel.swift; sourceTree = "<group>"; };
		BB9D07402B324C0900C03B75 /* AuthenticationSuccessView.swift */ = {isa = PBXFileReference; lastKnownFileType = sourcecode.swift; path = AuthenticationSuccessView.swift; sourceTree = "<group>"; };
/* End PBXFileReference section */

/* Begin PBXFrameworksBuildPhase section */
		BB9D071A2B31DFD000C03B75 /* Frameworks */ = {
			isa = PBXFrameworksBuildPhase;
			buildActionMask = 2147483647;
			files = (
			);
			runOnlyForDeploymentPostprocessing = 0;
		};
/* End PBXFrameworksBuildPhase section */

/* Begin PBXGroup section */
		BB9D07142B31DFD000C03B75 = {
			isa = PBXGroup;
			children = (
				BB9D071F2B31DFD000C03B75 /* LocalAuthFrameowkrIntegration */,
				BB9D071E2B31DFD000C03B75 /* Products */,
			);
			sourceTree = "<group>";
		};
		BB9D071E2B31DFD000C03B75 /* Products */ = {
			isa = PBXGroup;
			children = (
				BB9D071D2B31DFD000C03B75 /* LocalAuthFrameowkrIntegration.app */,
			);
			name = Products;
			sourceTree = "<group>";
		};
		BB9D071F2B31DFD000C03B75 /* LocalAuthFrameowkrIntegration */ = {
			isa = PBXGroup;
			children = (
				BB9D073F2B324BF600C03B75 /* Views */,
				BB9D07392B31ECA000C03B75 /* ViewModels */,
				BB9D07362B31E97400C03B75 /* Models */,
				BB9D07312B31E79A00C03B75 /* Enums */,
				BB9D072E2B31E60400C03B75 /* Utilities */,
				BB9D07202B31DFD000C03B75 /* LocalAuthFrameowkrIntegrationApp.swift */,
				BB9D07222B31DFD000C03B75 /* ContentView.swift */,
				BB9D07242B31DFD100C03B75 /* Assets.xcassets */,
				BB9D07262B31DFD100C03B75 /* Preview Content */,
			);
			path = LocalAuthFrameowkrIntegration;
			sourceTree = "<group>";
		};
		BB9D07262B31DFD100C03B75 /* Preview Content */ = {
			isa = PBXGroup;
			children = (
				BB9D07272B31DFD100C03B75 /* Preview Assets.xcassets */,
			);
			path = "Preview Content";
			sourceTree = "<group>";
		};
		BB9D072E2B31E60400C03B75 /* Utilities */ = {
			isa = PBXGroup;
			children = (
				BB9D072F2B31E63300C03B75 /* BiometricManager.swift */,
			);
			path = Utilities;
			sourceTree = "<group>";
		};
		BB9D07312B31E79A00C03B75 /* Enums */ = {
			isa = PBXGroup;
			children = (
				BB9D07342B31E90500C03B75 /* AuthenticationError.swift */,
				BB9D07322B31E89700C03B75 /* BiometricType.swift */,
			);
			path = Enums;
			sourceTree = "<group>";
		};
		BB9D07362B31E97400C03B75 /* Models */ = {
			isa = PBXGroup;
			children = (
				BB9D07372B31E97C00C03B75 /* Credentials.swift */,
			);
			path = Models;
			sourceTree = "<group>";
		};
		BB9D07392B31ECA000C03B75 /* ViewModels */ = {
			isa = PBXGroup;
			children = (
				BB9D073B2B31ECB300C03B75 /* LocalAuthenticationViewModel.swift */,
			);
			path = ViewModels;
			sourceTree = "<group>";
		};
		BB9D073F2B324BF600C03B75 /* Views */ = {
			isa = PBXGroup;
			children = (
				BB9D07402B324C0900C03B75 /* AuthenticationSuccessView.swift */,
			);
			path = Views;
			sourceTree = "<group>";
		};
/* End PBXGroup section */

/* Begin PBXNativeTarget section */
		BB9D071C2B31DFD000C03B75 /* LocalAuthFrameowkrIntegration */ = {
			isa = PBXNativeTarget;
			buildConfigurationList = BB9D072B2B31DFD100C03B75 /* Build configuration list for PBXNativeTarget "LocalAuthFrameowkrIntegration" */;
			buildPhases = (
				BB9D07192B31DFD000C03B75 /* Sources */,
				BB9D071A2B31DFD000C03B75 /* Frameworks */,
				BB9D071B2B31DFD000C03B75 /* Resources */,
			);
			buildRules = (
			);
			dependencies = (
			);
			name = LocalAuthFrameowkrIntegration;
			productName = LocalAuthFrameowkrIntegration;
			productReference = BB9D071D2B31DFD000C03B75 /* LocalAuthFrameowkrIntegration.app */;
			productType = "com.apple.product-type.application";
		};
/* End PBXNativeTarget section */

/* Begin PBXProject section */
		BB9D07152B31DFD000C03B75 /* Project object */ = {
			isa = PBXProject;
			attributes = {
				BuildIndependentTargetsInParallel = 1;
				LastSwiftUpdateCheck = 1510;
				LastUpgradeCheck = 1510;
				TargetAttributes = {
					BB9D071C2B31DFD000C03B75 = {
						CreatedOnToolsVersion = 15.1;
					};
				};
			};
			buildConfigurationList = BB9D07182B31DFD000C03B75 /* Build configuration list for PBXProject "LocalAuthFrameowkrIntegration" */;
			compatibilityVersion = "Xcode 14.0";
			developmentRegion = en;
			hasScannedForEncodings = 0;
			knownRegions = (
				en,
				Base,
			);
			mainGroup = BB9D07142B31DFD000C03B75;
			productRefGroup = BB9D071E2B31DFD000C03B75 /* Products */;
			projectDirPath = "";
			projectRoot = "";
			targets = (
				BB9D071C2B31DFD000C03B75 /* LocalAuthFrameowkrIntegration */,
			);
		};
/* End PBXProject section */

/* Begin PBXResourcesBuildPhase section */
		BB9D071B2B31DFD000C03B75 /* Resources */ = {
			isa = PBXResourcesBuildPhase;
			buildActionMask = 2147483647;
			files = (
				BB9D07282B31DFD100C03B75 /* Preview Assets.xcassets in Resources */,
				BB9D07252B31DFD100C03B75 /* Assets.xcassets in Resources */,
			);
			runOnlyForDeploymentPostprocessing = 0;
		};
/* End PBXResourcesBuildPhase section */

/* Begin PBXSourcesBuildPhase section */
		BB9D07192B31DFD000C03B75 /* Sources */ = {
			isa = PBXSourcesBuildPhase;
			buildActionMask = 2147483647;
			files = (
				BB9D07382B31E97C00C03B75 /* Credentials.swift in Sources */,
				BB9D07232B31DFD000C03B75 /* ContentView.swift in Sources */,
				BB9D07212B31DFD000C03B75 /* LocalAuthFrameowkrIntegrationApp.swift in Sources */,
				BB9D07332B31E89700C03B75 /* BiometricType.swift in Sources */,
				BB9D073C2B31ECB300C03B75 /* LocalAuthenticationViewModel.swift in Sources */,
				BB9D07352B31E90500C03B75 /* AuthenticationError.swift in Sources */,
				BB9D07412B324C0900C03B75 /* AuthenticationSuccessView.swift in Sources */,
				BB9D07302B31E63300C03B75 /* BiometricManager.swift in Sources */,
			);
			runOnlyForDeploymentPostprocessing = 0;
		};
/* End PBXSourcesBuildPhase section */

/* Begin XCBuildConfiguration section */
		BB9D07292B31DFD100C03B75 /* Debug */ = {
			isa = XCBuildConfiguration;
			buildSettings = {
				ALWAYS_SEARCH_USER_PATHS = NO;
				ASSETCATALOG_COMPILER_GENERATE_SWIFT_ASSET_SYMBOL_EXTENSIONS = YES;
				CLANG_ANALYZER_NONNULL = YES;
				CLANG_ANALYZER_NUMBER_OBJECT_CONVERSION = YES_AGGRESSIVE;
				CLANG_CXX_LANGUAGE_STANDARD = "gnu++20";
				CLANG_ENABLE_MODULES = YES;
				CLANG_ENABLE_OBJC_ARC = YES;
				CLANG_ENABLE_OBJC_WEAK = YES;
				CLANG_WARN_BLOCK_CAPTURE_AUTORELEASING = YES;
				CLANG_WARN_BOOL_CONVERSION = YES;
				CLANG_WARN_COMMA = YES;
				CLANG_WARN_CONSTANT_CONVERSION = YES;
				CLANG_WARN_DEPRECATED_OBJC_IMPLEMENTATIONS = YES;
				CLANG_WARN_DIRECT_OBJC_ISA_USAGE = YES_ERROR;
				CLANG_WARN_DOCUMENTATION_COMMENTS = YES;
				CLANG_WARN_EMPTY_BODY = YES;
				CLANG_WARN_ENUM_CONVERSION = YES;
				CLANG_WARN_INFINITE_RECURSION = YES;
				CLANG_WARN_INT_CONVERSION = YES;
				CLANG_WARN_NON_LITERAL_NULL_CONVERSION = YES;
				CLANG_WARN_OBJC_IMPLICIT_RETAIN_SELF = YES;
				CLANG_WARN_OBJC_LITERAL_CONVERSION = YES;
				CLANG_WARN_OBJC_ROOT_CLASS = YES_ERROR;
				CLANG_WARN_QUOTED_INCLUDE_IN_FRAMEWORK_HEADER = YES;
				CLANG_WARN_RANGE_LOOP_ANALYSIS = YES;
				CLANG_WARN_STRICT_PROTOTYPES = YES;
				CLANG_WARN_SUSPICIOUS_MOVE = YES;
				CLANG_WARN_UNGUARDED_AVAILABILITY = YES_AGGRESSIVE;
				CLANG_WARN_UNREACHABLE_CODE = YES;
				CLANG_WARN__DUPLICATE_METHOD_MATCH = YES;
				COPY_PHASE_STRIP = NO;
				DEBUG_INFORMATION_FORMAT = dwarf;
				ENABLE_STRICT_OBJC_MSGSEND = YES;
				ENABLE_TESTABILITY = YES;
				ENABLE_USER_SCRIPT_SANDBOXING = YES;
				GCC_C_LANGUAGE_STANDARD = gnu17;
				GCC_DYNAMIC_NO_PIC = NO;
				GCC_NO_COMMON_BLOCKS = YES;
				GCC_OPTIMIZATION_LEVEL = 0;
				GCC_PREPROCESSOR_DEFINITIONS = (
					"DEBUG=1",
					"$(inherited)",
				);
				GCC_WARN_64_TO_32_BIT_CONVERSION = YES;
				GCC_WARN_ABOUT_RETURN_TYPE = YES_ERROR;
				GCC_WARN_UNDECLARED_SELECTOR = YES;
				GCC_WARN_UNINITIALIZED_AUTOS = YES_AGGRESSIVE;
				GCC_WARN_UNUSED_FUNCTION = YES;
				GCC_WARN_UNUSED_VARIABLE = YES;
				IPHONEOS_DEPLOYMENT_TARGET = 17.2;
				LOCALIZATION_PREFERS_STRING_CATALOGS = YES;
				MTL_ENABLE_DEBUG_INFO = INCLUDE_SOURCE;
				MTL_FAST_MATH = YES;
				ONLY_ACTIVE_ARCH = YES;
				SDKROOT = iphoneos;
				SWIFT_ACTIVE_COMPILATION_CONDITIONS = "DEBUG $(inherited)";
				SWIFT_OPTIMIZATION_LEVEL = "-Onone";
			};
			name = Debug;
		};
		BB9D072A2B31DFD100C03B75 /* Release */ = {
			isa = XCBuildConfiguration;
			buildSettings = {
				ALWAYS_SEARCH_USER_PATHS = NO;
				ASSETCATALOG_COMPILER_GENERATE_SWIFT_ASSET_SYMBOL_EXTENSIONS = YES;
				CLANG_ANALYZER_NONNULL = YES;
				CLANG_ANALYZER_NUMBER_OBJECT_CONVERSION = YES_AGGRESSIVE;
				CLANG_CXX_LANGUAGE_STANDARD = "gnu++20";
				CLANG_ENABLE_MODULES = YES;
				CLANG_ENABLE_OBJC_ARC = YES;
				CLANG_ENABLE_OBJC_WEAK = YES;
				CLANG_WARN_BLOCK_CAPTURE_AUTORELEASING = YES;
				CLANG_WARN_BOOL_CONVERSION = YES;
				CLANG_WARN_COMMA = YES;
				CLANG_WARN_CONSTANT_CONVERSION = YES;
				CLANG_WARN_DEPRECATED_OBJC_IMPLEMENTATIONS = YES;
				CLANG_WARN_DIRECT_OBJC_ISA_USAGE = YES_ERROR;
				CLANG_WARN_DOCUMENTATION_COMMENTS = YES;
				CLANG_WARN_EMPTY_BODY = YES;
				CLANG_WARN_ENUM_CONVERSION = YES;
				CLANG_WARN_INFINITE_RECURSION = YES;
				CLANG_WARN_INT_CONVERSION = YES;
				CLANG_WARN_NON_LITERAL_NULL_CONVERSION = YES;
				CLANG_WARN_OBJC_IMPLICIT_RETAIN_SELF = YES;
				CLANG_WARN_OBJC_LITERAL_CONVERSION = YES;
				CLANG_WARN_OBJC_ROOT_CLASS = YES_ERROR;
				CLANG_WARN_QUOTED_INCLUDE_IN_FRAMEWORK_HEADER = YES;
				CLANG_WARN_RANGE_LOOP_ANALYSIS = YES;
				CLANG_WARN_STRICT_PROTOTYPES = YES;
				CLANG_WARN_SUSPICIOUS_MOVE = YES;
				CLANG_WARN_UNGUARDED_AVAILABILITY = YES_AGGRESSIVE;
				CLANG_WARN_UNREACHABLE_CODE = YES;
				CLANG_WARN__DUPLICATE_METHOD_MATCH = YES;
				COPY_PHASE_STRIP = NO;
				DEBUG_INFORMATION_FORMAT = "dwarf-with-dsym";
				ENABLE_NS_ASSERTIONS = NO;
				ENABLE_STRICT_OBJC_MSGSEND = YES;
				ENABLE_USER_SCRIPT_SANDBOXING = YES;
				GCC_C_LANGUAGE_STANDARD = gnu17;
				GCC_NO_COMMON_BLOCKS = YES;
				GCC_WARN_64_TO_32_BIT_CONVERSION = YES;
				GCC_WARN_ABOUT_RETURN_TYPE = YES_ERROR;
				GCC_WARN_UNDECLARED_SELECTOR = YES;
				GCC_WARN_UNINITIALIZED_AUTOS = YES_AGGRESSIVE;
				GCC_WARN_UNUSED_FUNCTION = YES;
				GCC_WARN_UNUSED_VARIABLE = YES;
				IPHONEOS_DEPLOYMENT_TARGET = 17.2;
				LOCALIZATION_PREFERS_STRING_CATALOGS = YES;
				MTL_ENABLE_DEBUG_INFO = NO;
				MTL_FAST_MATH = YES;
				SDKROOT = iphoneos;
				SWIFT_COMPILATION_MODE = wholemodule;
				VALIDATE_PRODUCT = YES;
			};
			name = Release;
		};
		BB9D072C2B31DFD100C03B75 /* Debug */ = {
			isa = XCBuildConfiguration;
			buildSettings = {
				ASSETCATALOG_COMPILER_APPICON_NAME = AppIcon;
				ASSETCATALOG_COMPILER_GLOBAL_ACCENT_COLOR_NAME = AccentColor;
				CODE_SIGN_STYLE = Automatic;
				CURRENT_PROJECT_VERSION = 1;
				DEVELOPMENT_ASSET_PATHS = "\"LocalAuthFrameowkrIntegration/Preview Content\"";
				DEVELOPMENT_TEAM = FVEGF5DQ7U;
				ENABLE_PREVIEWS = YES;
				GENERATE_INFOPLIST_FILE = YES;
				INFOPLIST_KEY_NSFaceIDUsageDescription = "FaceID is Disabled";
				INFOPLIST_KEY_UIApplicationSceneManifest_Generation = YES;
				INFOPLIST_KEY_UIApplicationSupportsIndirectInputEvents = YES;
				INFOPLIST_KEY_UILaunchScreen_Generation = YES;
				INFOPLIST_KEY_UISupportedInterfaceOrientations_iPad = "UIInterfaceOrientationPortrait UIInterfaceOrientationPortraitUpsideDown UIInterfaceOrientationLandscapeLeft UIInterfaceOrientationLandscapeRight";
				INFOPLIST_KEY_UISupportedInterfaceOrientations_iPhone = "UIInterfaceOrientationPortrait UIInterfaceOrientationLandscapeLeft UIInterfaceOrientationLandscapeRight";
				LD_RUNPATH_SEARCH_PATHS = (
					"$(inherited)",
					"@executable_path/Frameworks",
				);
				MARKETING_VERSION = 1.0;
				PRODUCT_BUNDLE_IDENTIFIER = sugurutokuda.LocalAuthFrameowkrIntegration;
				PRODUCT_NAME = "$(TARGET_NAME)";
				SWIFT_EMIT_LOC_STRINGS = YES;
				SWIFT_VERSION = 5.0;
				TARGETED_DEVICE_FAMILY = "1,2";
			};
			name = Debug;
		};
		BB9D072D2B31DFD100C03B75 /* Release */ = {
			isa = XCBuildConfiguration;
			buildSettings = {
				ASSETCATALOG_COMPILER_APPICON_NAME = AppIcon;
				ASSETCATALOG_COMPILER_GLOBAL_ACCENT_COLOR_NAME = AccentColor;
				CODE_SIGN_STYLE = Automatic;
				CURRENT_PROJECT_VERSION = 1;
				DEVELOPMENT_ASSET_PATHS = "\"LocalAuthFrameowkrIntegration/Preview Content\"";
				DEVELOPMENT_TEAM = FVEGF5DQ7U;
				ENABLE_PREVIEWS = YES;
				GENERATE_INFOPLIST_FILE = YES;
				INFOPLIST_KEY_NSFaceIDUsageDescription = "FaceID is Disabled";
				INFOPLIST_KEY_UIApplicationSceneManifest_Generation = YES;
				INFOPLIST_KEY_UIApplicationSupportsIndirectInputEvents = YES;
				INFOPLIST_KEY_UILaunchScreen_Generation = YES;
				INFOPLIST_KEY_UISupportedInterfaceOrientations_iPad = "UIInterfaceOrientationPortrait UIInterfaceOrientationPortraitUpsideDown UIInterfaceOrientationLandscapeLeft UIInterfaceOrientationLandscapeRight";
				INFOPLIST_KEY_UISupportedInterfaceOrientations_iPhone = "UIInterfaceOrientationPortrait UIInterfaceOrientationLandscapeLeft UIInterfaceOrientationLandscapeRight";
				LD_RUNPATH_SEARCH_PATHS = (
					"$(inherited)",
					"@executable_path/Frameworks",
				);
				MARKETING_VERSION = 1.0;
				PRODUCT_BUNDLE_IDENTIFIER = sugurutokuda.LocalAuthFrameowkrIntegration;
				PRODUCT_NAME = "$(TARGET_NAME)";
				SWIFT_EMIT_LOC_STRINGS = YES;
				SWIFT_VERSION = 5.0;
				TARGETED_DEVICE_FAMILY = "1,2";
			};
			name = Release;
		};
/* End XCBuildConfiguration section */

/* Begin XCConfigurationList section */
		BB9D07182B31DFD000C03B75 /* Build configuration list for PBXProject "LocalAuthFrameowkrIntegration" */ = {
			isa = XCConfigurationList;
			buildConfigurations = (
				BB9D07292B31DFD100C03B75 /* Debug */,
				BB9D072A2B31DFD100C03B75 /* Release */,
			);
			defaultConfigurationIsVisible = 0;
			defaultConfigurationName = Release;
		};
		BB9D072B2B31DFD100C03B75 /* Build configuration list for PBXNativeTarget "LocalAuthFrameowkrIntegration" */ = {
			isa = XCConfigurationList;
			buildConfigurations = (
				BB9D072C2B31DFD100C03B75 /* Debug */,
				BB9D072D2B31DFD100C03B75 /* Release */,
			);
			defaultConfigurationIsVisible = 0;
			defaultConfigurationName = Release;
		};
/* End XCConfigurationList section */
	};
	rootObject = BB9D07152B31DFD000C03B75 /* Project object */;
}
